
Microsoft Visual Studio Solution File, Format Version 12.00
# Visual Studio Version 16
VisualStudioVersion = 16.0.34114.132
MinimumVisualStudioVersion = 10.0.40219.1
Project("{FAE04EC0-301F-11D3-BF4B-00C04F79EFBC}") = "CayNhiPhanTimKiem", "CayNhiPhanTimKiem\CayNhiPhanTimKiem.csproj", "{DC52FC4F-C645-407C-A35E-ADFCE509C8ED}"
EndProject
Global
	GlobalSection(SolutionConfigurationPlatforms) = preSolution
		Debug|Any CPU = Debug|Any CPU
		Release|Any CPU = Release|Any CPU
	EndGlobalSection
	GlobalSection(ProjectConfigurationPlatforms) = postSolution
		{DC52FC4F-C645-407C-A35E-ADFCE509C8ED}.Debug|Any CPU.ActiveCfg = Debug|Any CPU
		{DC52FC4F-C645-407C-A35E-ADFCE509C8ED}.Debug|Any CPU.Build.0 = Debug|Any CPU
		{DC52FC4F-C645-407C-A35E-ADFCE509C8ED}.Release|Any CPU.ActiveCfg = Release|Any CPU
		{DC52FC4F-C645-407C-A35E-ADFCE509C8ED}.Release|Any CPU.Build.0 = Release|Any CPU
	EndGlobalSection
	GlobalSection(SolutionProperties) = preSolution
		HideSolutionNode = FALSE
	EndGlobalSection
	GlobalSection(ExtensibilityGlobals) = postSolution
		SolutionGuid = {AB464562-FE9A-43DD-95CC-F1DAC72C0CCF}
	EndGlobalSection
EndGlobal
